
Microsoft Visual Studio Solution File, Format Version 12.00
# Visual Studio 15
VisualStudioVersion = 15.0.27004.2009
MinimumVisualStudioVersion = 10.0.40219.1
Project("{2150E333-8FDC-42A3-9474-1A3956D46DE8}") = "src", "src", "{D5330DF1-F162-4DF7-B6AA-9389F3CA2840}"
EndProject
Project("{2150E333-8FDC-42A3-9474-1A3956D46DE8}") = "test", "test", "{97A41B62-8B8E-4BF9-8100-A77F56597C04}"
EndProject
Project("{9A19103F-16F7-4668-BE54-9A1E7A4F7556}") = "FS.Zip", "src\FS.Zip\FS.Zip.csproj", "{86152253-95C5-4EC0-AC73-2D903F01FE73}"
EndProject
Project("{9A19103F-16F7-4668-BE54-9A1E7A4F7556}") = "FS.Zip.UnitTests", "test\FS.Zip.UnitTests\FS.Zip.UnitTests.csproj", "{8060ECE7-A595-40D5-8EFC-90B2AF4E0C08}"
EndProject
Project("{2150E333-8FDC-42A3-9474-1A3956D46DE8}") = "sample", "sample", "{ED4748DF-14D6-4C5B-BADE-F15FD03E5A58}"
EndProject
Project("{9A19103F-16F7-4668-BE54-9A1E7A4F7556}") = "NetCoreSite", "sample\NetCoreSite\NetCoreSite.csproj", "{B1B8BA21-4772-48E0-83B8-2220843665A6}"
EndProject
Project("{2150E333-8FDC-42A3-9474-1A3956D46DE8}") = "others", "others", "{363742AA-1CA9-46E1-A916-A86AC973EC49}"
	ProjectSection(SolutionItems) = preProject
		.gitignore = .gitignore
		external\icon.png = external\icon.png
		LICENSE = LICENSE
		external\notes.md = external\notes.md
		README.md = README.md
	EndProjectSection
EndProject
Global
	GlobalSection(SolutionConfigurationPlatforms) = preSolution
		Debug|Any CPU = Debug|Any CPU
		Release|Any CPU = Release|Any CPU
	EndGlobalSection
	GlobalSection(ProjectConfigurationPlatforms) = postSolution
		{86152253-95C5-4EC0-AC73-2D903F01FE73}.Debug|Any CPU.ActiveCfg = Debug|Any CPU
		{86152253-95C5-4EC0-AC73-2D903F01FE73}.Debug|Any CPU.Build.0 = Debug|Any CPU
		{86152253-95C5-4EC0-AC73-2D903F01FE73}.Release|Any CPU.ActiveCfg = Release|Any CPU
		{86152253-95C5-4EC0-AC73-2D903F01FE73}.Release|Any CPU.Build.0 = Release|Any CPU
		{8060ECE7-A595-40D5-8EFC-90B2AF4E0C08}.Debug|Any CPU.ActiveCfg = Debug|Any CPU
		{8060ECE7-A595-40D5-8EFC-90B2AF4E0C08}.Debug|Any CPU.Build.0 = Debug|Any CPU
		{8060ECE7-A595-40D5-8EFC-90B2AF4E0C08}.Release|Any CPU.ActiveCfg = Release|Any CPU
		{8060ECE7-A595-40D5-8EFC-90B2AF4E0C08}.Release|Any CPU.Build.0 = Release|Any CPU
		{B1B8BA21-4772-48E0-83B8-2220843665A6}.Debug|Any CPU.ActiveCfg = Debug|Any CPU
		{B1B8BA21-4772-48E0-83B8-2220843665A6}.Debug|Any CPU.Build.0 = Debug|Any CPU
		{B1B8BA21-4772-48E0-83B8-2220843665A6}.Release|Any CPU.ActiveCfg = Release|Any CPU
		{B1B8BA21-4772-48E0-83B8-2220843665A6}.Release|Any CPU.Build.0 = Release|Any CPU
	EndGlobalSection
	GlobalSection(SolutionProperties) = preSolution
		HideSolutionNode = FALSE
	EndGlobalSection
	GlobalSection(NestedProjects) = preSolution
		{86152253-95C5-4EC0-AC73-2D903F01FE73} = {D5330DF1-F162-4DF7-B6AA-9389F3CA2840}
		{8060ECE7-A595-40D5-8EFC-90B2AF4E0C08} = {97A41B62-8B8E-4BF9-8100-A77F56597C04}
		{B1B8BA21-4772-48E0-83B8-2220843665A6} = {ED4748DF-14D6-4C5B-BADE-F15FD03E5A58}
	EndGlobalSection
	GlobalSection(ExtensibilityGlobals) = postSolution
		SolutionGuid = {9FD01612-BAA8-4FEA-8430-8BA98A46B67E}
	EndGlobalSection
EndGlobal
